
Microsoft Visual Studio Solution File, Format Version 12.00
# Visual Studio Version 17
VisualStudioVersion = 17.11.35312.102
MinimumVisualStudioVersion = 10.0.40219.1
Project("{FAE04EC0-301F-11D3-BF4B-00C04F79EFBC}") = "BookService", "BookService\BookService.csproj", "{434ED598-A737-49A4-90A2-5868C9B2D941}"
EndProject
Global
	GlobalSection(SolutionConfigurationPlatforms) = preSolution
		Debug|Any CPU = Debug|Any CPU
		Release|Any CPU = Release|Any CPU
	EndGlobalSection
	GlobalSection(ProjectConfigurationPlatforms) = postSolution
		{434ED598-A737-49A4-90A2-5868C9B2D941}.Debug|Any CPU.ActiveCfg = Debug|Any CPU
		{434ED598-A737-49A4-90A2-5868C9B2D941}.Debug|Any CPU.Build.0 = Debug|Any CPU
		{434ED598-A737-49A4-90A2-5868C9B2D941}.Release|Any CPU.ActiveCfg = Release|Any CPU
		{434ED598-A737-49A4-90A2-5868C9B2D941}.Release|Any CPU.Build.0 = Release|Any CPU
	EndGlobalSection
	GlobalSection(SolutionProperties) = preSolution
		HideSolutionNode = FALSE
	EndGlobalSection
	GlobalSection(ExtensibilityGlobals) = postSolution
		SolutionGuid = {47583A6D-B8C0-4A7F-B6E7-8071600EB0E8}
	EndGlobalSection
EndGlobal
